
Microsoft Visual Studio Solution File, Format Version 12.00
# Visual Studio Version 16
VisualStudioVersion = 16.0.30413.136
MinimumVisualStudioVersion = 10.0.40219.1
Project("{FAE04EC0-301F-11D3-BF4B-00C04F79EFBC}") = "futurerestore_gui", "futurerestore_gui\futurerestore_gui.csproj", "{24156207-91EB-4D0D-8A90-F9C84FAC6F5D}"
EndProject
Global
	GlobalSection(SolutionConfigurationPlatforms) = preSolution
		Debug|Any CPU = Debug|Any CPU
		Release|Any CPU = Release|Any CPU
	EndGlobalSection
	GlobalSection(ProjectConfigurationPlatforms) = postSolution
		{24156207-91EB-4D0D-8A90-F9C84FAC6F5D}.Debug|Any CPU.ActiveCfg = Debug|Any CPU
		{24156207-91EB-4D0D-8A90-F9C84FAC6F5D}.Debug|Any CPU.Build.0 = Debug|Any CPU
		{24156207-91EB-4D0D-8A90-F9C84FAC6F5D}.Release|Any CPU.ActiveCfg = Release|Any CPU
		{24156207-91EB-4D0D-8A90-F9C84FAC6F5D}.Release|Any CPU.Build.0 = Release|Any CPU
	EndGlobalSection
	GlobalSection(SolutionProperties) = preSolution
		HideSolutionNode = FALSE
	EndGlobalSection
	GlobalSection(ExtensibilityGlobals) = postSolution
		SolutionGuid = {7233DE96-2FAE-4967-8730-F90F8581C9FF}
	EndGlobalSection
EndGlobal
